
Microsoft Visual Studio Solution File, Format Version 12.00
# Visual Studio 15
VisualStudioVersion = 15.0.28307.572
MinimumVisualStudioVersion = 10.0.40219.1
Project("{9A19103F-16F7-4668-BE54-9A1E7A4F7556}") = "TestProjABC", "TestProjABC\TestProjABC.csproj", "{367A774E-3C6C-458D-80E3-6E0086B53C49}"
EndProject
Global
	GlobalSection(SolutionConfigurationPlatforms) = preSolution
		Debug|Any CPU = Debug|Any CPU
		Release|Any CPU = Release|Any CPU
	EndGlobalSection
	GlobalSection(ProjectConfigurationPlatforms) = postSolution
		{367A774E-3C6C-458D-80E3-6E0086B53C49}.Debug|Any CPU.ActiveCfg = Debug|Any CPU
		{367A774E-3C6C-458D-80E3-6E0086B53C49}.Debug|Any CPU.Build.0 = Debug|Any CPU
		{367A774E-3C6C-458D-80E3-6E0086B53C49}.Release|Any CPU.ActiveCfg = Release|Any CPU
		{367A774E-3C6C-458D-80E3-6E0086B53C49}.Release|Any CPU.Build.0 = Release|Any CPU
	EndGlobalSection
	GlobalSection(SolutionProperties) = preSolution
		HideSolutionNode = FALSE
	EndGlobalSection
	GlobalSection(ExtensibilityGlobals) = postSolution
		SolutionGuid = {18E0D3F2-6B0C-4960-9C4A-4DAA99912DBB}
	EndGlobalSection
EndGlobal
